
Microsoft Visual Studio Solution File, Format Version 12.00
# Visual Studio 14
VisualStudioVersion = 14.0.24720.0
MinimumVisualStudioVersion = 10.0.40219.1
Project("{2150E333-8FDC-42A3-9474-1A3956D46DE8}") = "Day1", "Day1", "{2FE2D119-96E1-4242-B25D-2446FBD54DF1}"
EndProject
Project("{2150E333-8FDC-42A3-9474-1A3956D46DE8}") = "Day3", "Day3", "{A5CE548E-5515-4B6B-A52C-3238631A5855}"
EndProject
Project("{FAE04EC0-301F-11D3-BF4B-00C04F79EFBC}") = "Attributes", "Attributes\Attributes.csproj", "{B92B4C6D-CA24-4B68-8581-CDA93AFDFCB3}"
EndProject
Project("{FAE04EC0-301F-11D3-BF4B-00C04F79EFBC}") = "TestAttributesWithConsole", "TestAttributesWithConsole\TestAttributesWithConsole.csproj", "{C141D80C-A5BB-4E58-8261-5D0241BB1C06}"
EndProject
Project("{2150E333-8FDC-42A3-9474-1A3956D46DE8}") = "Day4_Streams", "Day4_Streams", "{3BA46E6D-1803-4B32-A4F9-FFDB80EF18B5}"
EndProject
Project("{FAE04EC0-301F-11D3-BF4B-00C04F79EFBC}") = "CopyFiles", "Day4_Streams\CopyFiles\CopyFiles.csproj", "{1AE0D4A9-4453-46C8-AAD4-8C9737AB6727}"
EndProject
Project("{2150E333-8FDC-42A3-9474-1A3956D46DE8}") = "Day4_Disposable", "Day4_Disposable", "{949EF09F-6532-4EE3-9CA3-1703C77AE84D}"
EndProject
Project("{FAE04EC0-301F-11D3-BF4B-00C04F79EFBC}") = "ConsoleApplication1", "Day4_Disposable\ConsoleApplication1\ConsoleApplication1.csproj", "{2B817CAA-6BDD-4048-9B4D-20E9C95F51A6}"
EndProject
Project("{2150E333-8FDC-42A3-9474-1A3956D46DE8}") = "Day5_Primitives", "Day5_Primitives", "{114266D0-AE00-4D34-8623-244B1812192E}"
EndProject
Project("{FAE04EC0-301F-11D3-BF4B-00C04F79EFBC}") = "Monitor", "Day5_Primitives\Monitor\Monitor.csproj", "{44B6A2EE-F7B8-4B18-B777-266FFD247790}"
EndProject
Project("{FAE04EC0-301F-11D3-BF4B-00C04F79EFBC}") = "MutexClient", "Day5_Primitives\MutexClient\MutexClient.csproj", "{DC86F417-C36B-44BF-B89F-5B69BE40F50C}"
EndProject
Project("{FAE04EC0-301F-11D3-BF4B-00C04F79EFBC}") = "MutexMain", "Day5_Primitives\MutexMain\MutexMain.csproj", "{9DF0CE91-57C4-473B-B1BB-9C39F3B30D31}"
EndProject
Project("{FAE04EC0-301F-11D3-BF4B-00C04F79EFBC}") = "ReadWrite", "Day5_Primitives\ReadWrite\ReadWrite.csproj", "{1F172E83-E351-4E89-A74C-512CC5DB0064}"
EndProject
Project("{2150E333-8FDC-42A3-9474-1A3956D46DE8}") = "Day6", "Day6", "{4ECE9CA7-FA4C-411F-AEE9-833699623B65}"
EndProject
Project("{FAE04EC0-301F-11D3-BF4B-00C04F79EFBC}") = "immutableValType", "Day6_LINQ\immutableValType\immutableValType\immutableValType.csproj", "{00FA8319-BD36-408A-B3D6-4F6C05FE90BC}"
EndProject
Project("{FAE04EC0-301F-11D3-BF4B-00C04F79EFBC}") = "UnitTestProject1", "Day6_LINQ\UnitTestProject1\UnitTestProject1.csproj", "{497FE7C7-7A20-4CCB-BCF7-C1D36FDA78CD}"
EndProject
Project("{2150E333-8FDC-42A3-9474-1A3956D46DE8}") = "Day7", "Day7", "{7D82B4C1-F86C-4EFC-9695-53F848FD5CC1}"
EndProject
Project("{FAE04EC0-301F-11D3-BF4B-00C04F79EFBC}") = "MyClassLibrary", "Day7\ConstTask\TaskConsole\MyClassLibrary\MyClassLibrary.csproj", "{71EA58D2-D59B-4DB2-BF96-3C80708C7BF6}"
EndProject
Project("{FAE04EC0-301F-11D3-BF4B-00C04F79EFBC}") = "TaskConsole", "Day7\ConstTask\TaskConsole\TaskConsole\TaskConsole.csproj", "{395EDC6E-4FA4-4032-9F7F-CE148E3AE889}"
EndProject
Project("{FAE04EC0-301F-11D3-BF4B-00C04F79EFBC}") = "UnitTestProjectCollection", "Day7\UnitTestProjectCollection\UnitTestProjectCollection\UnitTestProjectCollection.csproj", "{C60913D2-6EB7-4133-B6E9-A00CBC6CC15B}"
EndProject
Project("{FAE04EC0-301F-11D3-BF4B-00C04F79EFBC}") = "BLL", "Day1\UserStorage\BLL\BLL.csproj", "{EFB8A3AD-0BAE-473D-BD41-7E58EFD0C762}"
EndProject
Project("{FAE04EC0-301F-11D3-BF4B-00C04F79EFBC}") = "DAL", "Day1\UserStorage\DAL\DAL.csproj", "{768362B2-36E5-4579-989D-6EAED6017ED7}"
EndProject
Global
	GlobalSection(SolutionConfigurationPlatforms) = preSolution
		Debug|Any CPU = Debug|Any CPU
		Release|Any CPU = Release|Any CPU
	EndGlobalSection
	GlobalSection(ProjectConfigurationPlatforms) = postSolution
		{B92B4C6D-CA24-4B68-8581-CDA93AFDFCB3}.Debug|Any CPU.ActiveCfg = Debug|Any CPU
		{B92B4C6D-CA24-4B68-8581-CDA93AFDFCB3}.Debug|Any CPU.Build.0 = Debug|Any CPU
		{B92B4C6D-CA24-4B68-8581-CDA93AFDFCB3}.Release|Any CPU.ActiveCfg = Release|Any CPU
		{B92B4C6D-CA24-4B68-8581-CDA93AFDFCB3}.Release|Any CPU.Build.0 = Release|Any CPU
		{C141D80C-A5BB-4E58-8261-5D0241BB1C06}.Debug|Any CPU.ActiveCfg = Debug|Any CPU
		{C141D80C-A5BB-4E58-8261-5D0241BB1C06}.Debug|Any CPU.Build.0 = Debug|Any CPU
		{C141D80C-A5BB-4E58-8261-5D0241BB1C06}.Release|Any CPU.ActiveCfg = Release|Any CPU
		{C141D80C-A5BB-4E58-8261-5D0241BB1C06}.Release|Any CPU.Build.0 = Release|Any CPU
		{1AE0D4A9-4453-46C8-AAD4-8C9737AB6727}.Debug|Any CPU.ActiveCfg = Debug|Any CPU
		{1AE0D4A9-4453-46C8-AAD4-8C9737AB6727}.Debug|Any CPU.Build.0 = Debug|Any CPU
		{1AE0D4A9-4453-46C8-AAD4-8C9737AB6727}.Release|Any CPU.ActiveCfg = Release|Any CPU
		{1AE0D4A9-4453-46C8-AAD4-8C9737AB6727}.Release|Any CPU.Build.0 = Release|Any CPU
		{2B817CAA-6BDD-4048-9B4D-20E9C95F51A6}.Debug|Any CPU.ActiveCfg = Debug|Any CPU
		{2B817CAA-6BDD-4048-9B4D-20E9C95F51A6}.Debug|Any CPU.Build.0 = Debug|Any CPU
		{2B817CAA-6BDD-4048-9B4D-20E9C95F51A6}.Release|Any CPU.ActiveCfg = Release|Any CPU
		{2B817CAA-6BDD-4048-9B4D-20E9C95F51A6}.Release|Any CPU.Build.0 = Release|Any CPU
		{44B6A2EE-F7B8-4B18-B777-266FFD247790}.Debug|Any CPU.ActiveCfg = Debug|Any CPU
		{44B6A2EE-F7B8-4B18-B777-266FFD247790}.Debug|Any CPU.Build.0 = Debug|Any CPU
		{44B6A2EE-F7B8-4B18-B777-266FFD247790}.Release|Any CPU.ActiveCfg = Release|Any CPU
		{44B6A2EE-F7B8-4B18-B777-266FFD247790}.Release|Any CPU.Build.0 = Release|Any CPU
		{DC86F417-C36B-44BF-B89F-5B69BE40F50C}.Debug|Any CPU.ActiveCfg = Debug|Any CPU
		{DC86F417-C36B-44BF-B89F-5B69BE40F50C}.Debug|Any CPU.Build.0 = Debug|Any CPU
		{DC86F417-C36B-44BF-B89F-5B69BE40F50C}.Release|Any CPU.ActiveCfg = Release|Any CPU
		{DC86F417-C36B-44BF-B89F-5B69BE40F50C}.Release|Any CPU.Build.0 = Release|Any CPU
		{9DF0CE91-57C4-473B-B1BB-9C39F3B30D31}.Debug|Any CPU.ActiveCfg = Debug|Any CPU
		{9DF0CE91-57C4-473B-B1BB-9C39F3B30D31}.Debug|Any CPU.Build.0 = Debug|Any CPU
		{9DF0CE91-57C4-473B-B1BB-9C39F3B30D31}.Release|Any CPU.ActiveCfg = Release|Any CPU
		{9DF0CE91-57C4-473B-B1BB-9C39F3B30D31}.Release|Any CPU.Build.0 = Release|Any CPU
		{1F172E83-E351-4E89-A74C-512CC5DB0064}.Debug|Any CPU.ActiveCfg = Debug|Any CPU
		{1F172E83-E351-4E89-A74C-512CC5DB0064}.Debug|Any CPU.Build.0 = Debug|Any CPU
		{1F172E83-E351-4E89-A74C-512CC5DB0064}.Release|Any CPU.ActiveCfg = Release|Any CPU
		{1F172E83-E351-4E89-A74C-512CC5DB0064}.Release|Any CPU.Build.0 = Release|Any CPU
		{00FA8319-BD36-408A-B3D6-4F6C05FE90BC}.Debug|Any CPU.ActiveCfg = Debug|Any CPU
		{00FA8319-BD36-408A-B3D6-4F6C05FE90BC}.Debug|Any CPU.Build.0 = Debug|Any CPU
		{00FA8319-BD36-408A-B3D6-4F6C05FE90BC}.Release|Any CPU.ActiveCfg = Release|Any CPU
		{00FA8319-BD36-408A-B3D6-4F6C05FE90BC}.Release|Any CPU.Build.0 = Release|Any CPU
		{497FE7C7-7A20-4CCB-BCF7-C1D36FDA78CD}.Debug|Any CPU.ActiveCfg = Debug|Any CPU
		{497FE7C7-7A20-4CCB-BCF7-C1D36FDA78CD}.Debug|Any CPU.Build.0 = Debug|Any CPU
		{497FE7C7-7A20-4CCB-BCF7-C1D36FDA78CD}.Release|Any CPU.ActiveCfg = Release|Any CPU
		{497FE7C7-7A20-4CCB-BCF7-C1D36FDA78CD}.Release|Any CPU.Build.0 = Release|Any CPU
		{71EA58D2-D59B-4DB2-BF96-3C80708C7BF6}.Debug|Any CPU.ActiveCfg = Debug|Any CPU
		{71EA58D2-D59B-4DB2-BF96-3C80708C7BF6}.Debug|Any CPU.Build.0 = Debug|Any CPU
		{71EA58D2-D59B-4DB2-BF96-3C80708C7BF6}.Release|Any CPU.ActiveCfg = Release|Any CPU
		{71EA58D2-D59B-4DB2-BF96-3C80708C7BF6}.Release|Any CPU.Build.0 = Release|Any CPU
		{395EDC6E-4FA4-4032-9F7F-CE148E3AE889}.Debug|Any CPU.ActiveCfg = Debug|Any CPU
		{395EDC6E-4FA4-4032-9F7F-CE148E3AE889}.Debug|Any CPU.Build.0 = Debug|Any CPU
		{395EDC6E-4FA4-4032-9F7F-CE148E3AE889}.Release|Any CPU.ActiveCfg = Release|Any CPU
		{395EDC6E-4FA4-4032-9F7F-CE148E3AE889}.Release|Any CPU.Build.0 = Release|Any CPU
		{C60913D2-6EB7-4133-B6E9-A00CBC6CC15B}.Debug|Any CPU.ActiveCfg = Debug|Any CPU
		{C60913D2-6EB7-4133-B6E9-A00CBC6CC15B}.Debug|Any CPU.Build.0 = Debug|Any CPU
		{C60913D2-6EB7-4133-B6E9-A00CBC6CC15B}.Release|Any CPU.ActiveCfg = Release|Any CPU
		{C60913D2-6EB7-4133-B6E9-A00CBC6CC15B}.Release|Any CPU.Build.0 = Release|Any CPU
		{EFB8A3AD-0BAE-473D-BD41-7E58EFD0C762}.Debug|Any CPU.ActiveCfg = Debug|Any CPU
		{EFB8A3AD-0BAE-473D-BD41-7E58EFD0C762}.Debug|Any CPU.Build.0 = Debug|Any CPU
		{EFB8A3AD-0BAE-473D-BD41-7E58EFD0C762}.Release|Any CPU.ActiveCfg = Release|Any CPU
		{EFB8A3AD-0BAE-473D-BD41-7E58EFD0C762}.Release|Any CPU.Build.0 = Release|Any CPU
		{768362B2-36E5-4579-989D-6EAED6017ED7}.Debug|Any CPU.ActiveCfg = Debug|Any CPU
		{768362B2-36E5-4579-989D-6EAED6017ED7}.Debug|Any CPU.Build.0 = Debug|Any CPU
		{768362B2-36E5-4579-989D-6EAED6017ED7}.Release|Any CPU.ActiveCfg = Release|Any CPU
		{768362B2-36E5-4579-989D-6EAED6017ED7}.Release|Any CPU.Build.0 = Release|Any CPU
	EndGlobalSection
	GlobalSection(SolutionProperties) = preSolution
		HideSolutionNode = FALSE
	EndGlobalSection
	GlobalSection(NestedProjects) = preSolution
		{B92B4C6D-CA24-4B68-8581-CDA93AFDFCB3} = {A5CE548E-5515-4B6B-A52C-3238631A5855}
		{C141D80C-A5BB-4E58-8261-5D0241BB1C06} = {A5CE548E-5515-4B6B-A52C-3238631A5855}
		{1AE0D4A9-4453-46C8-AAD4-8C9737AB6727} = {3BA46E6D-1803-4B32-A4F9-FFDB80EF18B5}
		{2B817CAA-6BDD-4048-9B4D-20E9C95F51A6} = {949EF09F-6532-4EE3-9CA3-1703C77AE84D}
		{44B6A2EE-F7B8-4B18-B777-266FFD247790} = {114266D0-AE00-4D34-8623-244B1812192E}
		{DC86F417-C36B-44BF-B89F-5B69BE40F50C} = {114266D0-AE00-4D34-8623-244B1812192E}
		{9DF0CE91-57C4-473B-B1BB-9C39F3B30D31} = {114266D0-AE00-4D34-8623-244B1812192E}
		{1F172E83-E351-4E89-A74C-512CC5DB0064} = {114266D0-AE00-4D34-8623-244B1812192E}
		{00FA8319-BD36-408A-B3D6-4F6C05FE90BC} = {4ECE9CA7-FA4C-411F-AEE9-833699623B65}
		{497FE7C7-7A20-4CCB-BCF7-C1D36FDA78CD} = {4ECE9CA7-FA4C-411F-AEE9-833699623B65}
		{71EA58D2-D59B-4DB2-BF96-3C80708C7BF6} = {7D82B4C1-F86C-4EFC-9695-53F848FD5CC1}
		{395EDC6E-4FA4-4032-9F7F-CE148E3AE889} = {7D82B4C1-F86C-4EFC-9695-53F848FD5CC1}
		{C60913D2-6EB7-4133-B6E9-A00CBC6CC15B} = {7D82B4C1-F86C-4EFC-9695-53F848FD5CC1}
		{EFB8A3AD-0BAE-473D-BD41-7E58EFD0C762} = {2FE2D119-96E1-4242-B25D-2446FBD54DF1}
		{768362B2-36E5-4579-989D-6EAED6017ED7} = {2FE2D119-96E1-4242-B25D-2446FBD54DF1}
	EndGlobalSection
EndGlobal
